// !$*UTF8*$!
{
	archiveVersion = 1;
	classes = {
	};
	objectVersion = 46;
	objects = {

/* Begin PBXBuildFile section */
		64E402C61DDE4CD900950D00 /* AppDelegate.swift in Sources */ = {isa = PBXBuildFile; fileRef = 64E402C51DDE4CD900950D00 /* AppDelegate.swift */; };
		64E402C81DDE4CD900950D00 /* ArtistsListViewController.swift in Sources */ = {isa = PBXBuildFile; fileRef = 64E402C71DDE4CD900950D00 /* ArtistsListViewController.swift */; };
		64E402CB1DDE4CD900950D00 /* Main.storyboard in Resources */ = {isa = PBXBuildFile; fileRef = 64E402C91DDE4CD900950D00 /* Main.storyboard */; };
		64E402CD1DDE4CD900950D00 /* Assets.xcassets in Resources */ = {isa = PBXBuildFile; fileRef = 64E402CC1DDE4CD900950D00 /* Assets.xcassets */; };
		64E402D01DDE4CD900950D00 /* LaunchScreen.storyboard in Resources */ = {isa = PBXBuildFile; fileRef = 64E402CE1DDE4CD900950D00 /* LaunchScreen.storyboard */; };
		64E402DB1DDE4CDA00950D00 /* HearThisTests.swift in Sources */ = {isa = PBXBuildFile; fileRef = 64E402DA1DDE4CDA00950D00 /* HearThisTests.swift */; };
		64EAA2C31DDE5F090065B2A6 /* ArtistsListDataSource.swift in Sources */ = {isa = PBXBuildFile; fileRef = 64EAA2C21DDE5F090065B2A6 /* ArtistsListDataSource.swift */; };
		64EAA2C91DDF31FC0065B2A6 /* HearThisAPI.swift in Sources */ = {isa = PBXBuildFile; fileRef = 64EAA2C81DDF31FC0065B2A6 /* HearThisAPI.swift */; };
		64EAA2CC1DDF32850065B2A6 /* NetworkConnector.swift in Sources */ = {isa = PBXBuildFile; fileRef = 64EAA2CB1DDF32850065B2A6 /* NetworkConnector.swift */; };
		64EAA2CE1DDF346F0065B2A6 /* APIModel.swift in Sources */ = {isa = PBXBuildFile; fileRef = 64EAA2CD1DDF346F0065B2A6 /* APIModel.swift */; };
		64EAA2D11DDF50B50065B2A6 /* ArtistsResource.swift in Sources */ = {isa = PBXBuildFile; fileRef = 64EAA2D01DDF50B50065B2A6 /* ArtistsResource.swift */; };
		64EAA2D31DDF51350065B2A6 /* Artist.swift in Sources */ = {isa = PBXBuildFile; fileRef = 64EAA2D21DDF51350065B2A6 /* Artist.swift */; };
		EA0C2AC4424AD99EE9C0B19C /* Pods_HearThis.framework in Frameworks */ = {isa = PBXBuildFile; fileRef = B112F09584D86B3C51DCFC0D /* Pods_HearThis.framework */; };
/* End PBXBuildFile section */

/* Begin PBXContainerItemProxy section */
		64E402D71DDE4CDA00950D00 /* PBXContainerItemProxy */ = {
			isa = PBXContainerItemProxy;
			containerPortal = 64E402BA1DDE4CD900950D00 /* Project object */;
			proxyType = 1;
			remoteGlobalIDString = 64E402C11DDE4CD900950D00;
			remoteInfo = HearThis;
		};
/* End PBXContainerItemProxy section */

/* Begin PBXFileReference section */
		64E402C21DDE4CD900950D00 /* HearThis.app */ = {isa = PBXFileReference; explicitFileType = wrapper.application; includeInIndex = 0; path = HearThis.app; sourceTree = BUILT_PRODUCTS_DIR; };
		64E402C51DDE4CD900950D00 /* AppDelegate.swift */ = {isa = PBXFileReference; lastKnownFileType = sourcecode.swift; path = AppDelegate.swift; sourceTree = "<group>"; };
		64E402C71DDE4CD900950D00 /* ArtistsListViewController.swift */ = {isa = PBXFileReference; lastKnownFileType = sourcecode.swift; path = ArtistsListViewController.swift; sourceTree = "<group>"; };
		64E402CA1DDE4CD900950D00 /* Base */ = {isa = PBXFileReference; lastKnownFileType = file.storyboard; name = Base; path = Base.lproj/Main.storyboard; sourceTree = "<group>"; };
		64E402CC1DDE4CD900950D00 /* Assets.xcassets */ = {isa = PBXFileReference; lastKnownFileType = folder.assetcatalog; path = Assets.xcassets; sourceTree = "<group>"; };
		64E402CF1DDE4CD900950D00 /* Base */ = {isa = PBXFileReference; lastKnownFileType = file.storyboard; name = Base; path = Base.lproj/LaunchScreen.storyboard; sourceTree = "<group>"; };
		64E402D11DDE4CD900950D00 /* Info.plist */ = {isa = PBXFileReference; lastKnownFileType = text.plist.xml; path = Info.plist; sourceTree = "<group>"; };
		64E402D61DDE4CDA00950D00 /* HearThisTests.xctest */ = {isa = PBXFileReference; explicitFileType = wrapper.cfbundle; includeInIndex = 0; path = HearThisTests.xctest; sourceTree = BUILT_PRODUCTS_DIR; };
		64E402DA1DDE4CDA00950D00 /* HearThisTests.swift */ = {isa = PBXFileReference; lastKnownFileType = sourcecode.swift; path = HearThisTests.swift; sourceTree = "<group>"; };
		64E402DC1DDE4CDA00950D00 /* Info.plist */ = {isa = PBXFileReference; lastKnownFileType = text.plist.xml; path = Info.plist; sourceTree = "<group>"; };
		64EAA2C21DDE5F090065B2A6 /* ArtistsListDataSource.swift */ = {isa = PBXFileReference; fileEncoding = 4; lastKnownFileType = sourcecode.swift; path = ArtistsListDataSource.swift; sourceTree = "<group>"; };
		64EAA2C81DDF31FC0065B2A6 /* HearThisAPI.swift */ = {isa = PBXFileReference; fileEncoding = 4; lastKnownFileType = sourcecode.swift; path = HearThisAPI.swift; sourceTree = "<group>"; };
		64EAA2CB1DDF32850065B2A6 /* NetworkConnector.swift */ = {isa = PBXFileReference; fileEncoding = 4; lastKnownFileType = sourcecode.swift; path = NetworkConnector.swift; sourceTree = "<group>"; };
		64EAA2CD1DDF346F0065B2A6 /* APIModel.swift */ = {isa = PBXFileReference; fileEncoding = 4; lastKnownFileType = sourcecode.swift; path = APIModel.swift; sourceTree = "<group>"; };
		64EAA2D01DDF50B50065B2A6 /* ArtistsResource.swift */ = {isa = PBXFileReference; fileEncoding = 4; lastKnownFileType = sourcecode.swift; path = ArtistsResource.swift; sourceTree = "<group>"; };
		64EAA2D21DDF51350065B2A6 /* Artist.swift */ = {isa = PBXFileReference; fileEncoding = 4; lastKnownFileType = sourcecode.swift; path = Artist.swift; sourceTree = "<group>"; };
		8C07670BD91015B630C62624 /* Pods-HearThis.debug.xcconfig */ = {isa = PBXFileReference; includeInIndex = 1; lastKnownFileType = text.xcconfig; name = "Pods-HearThis.debug.xcconfig"; path = "Pods/Target Support Files/Pods-HearThis/Pods-HearThis.debug.xcconfig"; sourceTree = "<group>"; };
		B112F09584D86B3C51DCFC0D /* Pods_HearThis.framework */ = {isa = PBXFileReference; explicitFileType = wrapper.framework; includeInIndex = 0; path = Pods_HearThis.framework; sourceTree = BUILT_PRODUCTS_DIR; };
		B71DDCDABC430A27D3650D61 /* Pods-HearThis.release.xcconfig */ = {isa = PBXFileReference; includeInIndex = 1; lastKnownFileType = text.xcconfig; name = "Pods-HearThis.release.xcconfig"; path = "Pods/Target Support Files/Pods-HearThis/Pods-HearThis.release.xcconfig"; sourceTree = "<group>"; };
/* End PBXFileReference section */

/* Begin PBXFrameworksBuildPhase section */
		64E402BF1DDE4CD900950D00 /* Frameworks */ = {
			isa = PBXFrameworksBuildPhase;
			buildActionMask = 2147483647;
			files = (
				EA0C2AC4424AD99EE9C0B19C /* Pods_HearThis.framework in Frameworks */,
			);
			runOnlyForDeploymentPostprocessing = 0;
		};
		64E402D31DDE4CDA00950D00 /* Frameworks */ = {
			isa = PBXFrameworksBuildPhase;
			buildActionMask = 2147483647;
			files = (
			);
			runOnlyForDeploymentPostprocessing = 0;
		};
/* End PBXFrameworksBuildPhase section */

/* Begin PBXGroup section */
		48ACB9E1F9265F7028843ABA /* Frameworks */ = {
			isa = PBXGroup;
			children = (
				B112F09584D86B3C51DCFC0D /* Pods_HearThis.framework */,
			);
			name = Frameworks;
			sourceTree = "<group>";
		};
		64E402B91DDE4CD900950D00 = {
			isa = PBXGroup;
			children = (
				64E402C41DDE4CD900950D00 /* HearThis */,
				64E402D91DDE4CDA00950D00 /* HearThisTests */,
				64E402C31DDE4CD900950D00 /* Products */,
				77900263112EC26A389FE5E4 /* Pods */,
				48ACB9E1F9265F7028843ABA /* Frameworks */,
			);
			sourceTree = "<group>";
		};
		64E402C31DDE4CD900950D00 /* Products */ = {
			isa = PBXGroup;
			children = (
				64E402C21DDE4CD900950D00 /* HearThis.app */,
				64E402D61DDE4CDA00950D00 /* HearThisTests.xctest */,
			);
			name = Products;
			sourceTree = "<group>";
		};
		64E402C41DDE4CD900950D00 /* HearThis */ = {
			isa = PBXGroup;
			children = (
				64EAA2D41DDF5ACA0065B2A6 /* Model */,
				64EAA2CF1DDF509D0065B2A6 /* Resources */,
				64EAA2CA1DDF321C0065B2A6 /* Network */,
				64EAA2C71DDF31EB0065B2A6 /* API */,
				64E402C51DDE4CD900950D00 /* AppDelegate.swift */,
				64E402C71DDE4CD900950D00 /* ArtistsListViewController.swift */,
				64E402C91DDE4CD900950D00 /* Main.storyboard */,
				64E402CC1DDE4CD900950D00 /* Assets.xcassets */,
				64E402CE1DDE4CD900950D00 /* LaunchScreen.storyboard */,
				64E402D11DDE4CD900950D00 /* Info.plist */,
				64EAA2C21DDE5F090065B2A6 /* ArtistsListDataSource.swift */,
			);
			path = HearThis;
			sourceTree = "<group>";
		};
		64E402D91DDE4CDA00950D00 /* HearThisTests */ = {
			isa = PBXGroup;
			children = (
				64E402DA1DDE4CDA00950D00 /* HearThisTests.swift */,
				64E402DC1DDE4CDA00950D00 /* Info.plist */,
			);
			path = HearThisTests;
			sourceTree = "<group>";
		};
		64EAA2C71DDF31EB0065B2A6 /* API */ = {
			isa = PBXGroup;
			children = (
				64EAA2C81DDF31FC0065B2A6 /* HearThisAPI.swift */,
				64EAA2CD1DDF346F0065B2A6 /* APIModel.swift */,
			);
			name = API;
			sourceTree = "<group>";
		};
		64EAA2CA1DDF321C0065B2A6 /* Network */ = {
			isa = PBXGroup;
			children = (
				64EAA2CB1DDF32850065B2A6 /* NetworkConnector.swift */,
			);
			name = Network;
			sourceTree = "<group>";
		};
		64EAA2CF1DDF509D0065B2A6 /* Resources */ = {
			isa = PBXGroup;
			children = (
				64EAA2D01DDF50B50065B2A6 /* ArtistsResource.swift */,
			);
			name = Resources;
			sourceTree = "<group>";
		};
		64EAA2D41DDF5ACA0065B2A6 /* Model */ = {
			isa = PBXGroup;
			children = (
				64EAA2D21DDF51350065B2A6 /* Artist.swift */,
			);
			name = Model;
			sourceTree = "<group>";
		};
		77900263112EC26A389FE5E4 /* Pods */ = {
			isa = PBXGroup;
			children = (
				8C07670BD91015B630C62624 /* Pods-HearThis.debug.xcconfig */,
				B71DDCDABC430A27D3650D61 /* Pods-HearThis.release.xcconfig */,
			);
			name = Pods;
			sourceTree = "<group>";
		};
/* End PBXGroup section */

/* Begin PBXNativeTarget section */
		64E402C11DDE4CD900950D00 /* HearThis */ = {
			isa = PBXNativeTarget;
			buildConfigurationList = 64E402DF1DDE4CDA00950D00 /* Build configuration list for PBXNativeTarget "HearThis" */;
			buildPhases = (
				D4844A9039EAC330EB40AE72 /* [CP] Check Pods Manifest.lock */,
				64E402BE1DDE4CD900950D00 /* Sources */,
				64E402BF1DDE4CD900950D00 /* Frameworks */,
				64E402C01DDE4CD900950D00 /* Resources */,
				B2826F840DBEBF32EB45EB63 /* [CP] Embed Pods Frameworks */,
				765CCB5ABF412E8E9A45A2A9 /* [CP] Copy Pods Resources */,
			);
			buildRules = (
			);
			dependencies = (
			);
			name = HearThis;
			productName = HearThis;
			productReference = 64E402C21DDE4CD900950D00 /* HearThis.app */;
			productType = "com.apple.product-type.application";
		};
		64E402D51DDE4CDA00950D00 /* HearThisTests */ = {
			isa = PBXNativeTarget;
			buildConfigurationList = 64E402E21DDE4CDA00950D00 /* Build configuration list for PBXNativeTarget "HearThisTests" */;
			buildPhases = (
				64E402D21DDE4CDA00950D00 /* Sources */,
				64E402D31DDE4CDA00950D00 /* Frameworks */,
				64E402D41DDE4CDA00950D00 /* Resources */,
			);
			buildRules = (
			);
			dependencies = (
				64E402D81DDE4CDA00950D00 /* PBXTargetDependency */,
			);
			name = HearThisTests;
			productName = HearThisTests;
			productReference = 64E402D61DDE4CDA00950D00 /* HearThisTests.xctest */;
			productType = "com.apple.product-type.bundle.unit-test";
		};
/* End PBXNativeTarget section */

/* Begin PBXProject section */
		64E402BA1DDE4CD900950D00 /* Project object */ = {
			isa = PBXProject;
			attributes = {
				LastSwiftUpdateCheck = 0810;
				LastUpgradeCheck = 0810;
				ORGANIZATIONNAME = "Manuel Meyer";
				TargetAttributes = {
					64E402C11DDE4CD900950D00 = {
						CreatedOnToolsVersion = 8.1;
						ProvisioningStyle = Automatic;
					};
					64E402D51DDE4CDA00950D00 = {
						CreatedOnToolsVersion = 8.1;
						ProvisioningStyle = Automatic;
						TestTargetID = 64E402C11DDE4CD900950D00;
					};
				};
			};
			buildConfigurationList = 64E402BD1DDE4CD900950D00 /* Build configuration list for PBXProject "HearThis" */;
			compatibilityVersion = "Xcode 3.2";
			developmentRegion = English;
			hasScannedForEncodings = 0;
			knownRegions = (
				en,
				Base,
			);
			mainGroup = 64E402B91DDE4CD900950D00;
			productRefGroup = 64E402C31DDE4CD900950D00 /* Products */;
			projectDirPath = "";
			projectRoot = "";
			targets = (
				64E402C11DDE4CD900950D00 /* HearThis */,
				64E402D51DDE4CDA00950D00 /* HearThisTests */,
			);
		};
/* End PBXProject section */

/* Begin PBXResourcesBuildPhase section */
		64E402C01DDE4CD900950D00 /* Resources */ = {
			isa = PBXResourcesBuildPhase;
			buildActionMask = 2147483647;
			files = (
				64E402D01DDE4CD900950D00 /* LaunchScreen.storyboard in Resources */,
				64E402CD1DDE4CD900950D00 /* Assets.xcassets in Resources */,
				64E402CB1DDE4CD900950D00 /* Main.storyboard in Resources */,
			);
			runOnlyForDeploymentPostprocessing = 0;
		};
		64E402D41DDE4CDA00950D00 /* Resources */ = {
			isa = PBXResourcesBuildPhase;
			buildActionMask = 2147483647;
			files = (
			);
			runOnlyForDeploymentPostprocessing = 0;
		};
/* End PBXResourcesBuildPhase section */

/* Begin PBXShellScriptBuildPhase section */
		765CCB5ABF412E8E9A45A2A9 /* [CP] Copy Pods Resources */ = {
			isa = PBXShellScriptBuildPhase;
			buildActionMask = 2147483647;
			files = (
			);
			inputPaths = (
			);
			name = "[CP] Copy Pods Resources";
			outputPaths = (
			);
			runOnlyForDeploymentPostprocessing = 0;
			shellPath = /bin/sh;
			shellScript = "\"${SRCROOT}/Pods/Target Support Files/Pods-HearThis/Pods-HearThis-resources.sh\"\n";
			showEnvVarsInLog = 0;
		};
		B2826F840DBEBF32EB45EB63 /* [CP] Embed Pods Frameworks */ = {
			isa = PBXShellScriptBuildPhase;
			buildActionMask = 2147483647;
			files = (
			);
			inputPaths = (
			);
			name = "[CP] Embed Pods Frameworks";
			outputPaths = (
			);
			runOnlyForDeploymentPostprocessing = 0;
			shellPath = /bin/sh;
			shellScript = "\"${SRCROOT}/Pods/Target Support Files/Pods-HearThis/Pods-HearThis-frameworks.sh\"\n";
			showEnvVarsInLog = 0;
		};
		D4844A9039EAC330EB40AE72 /* [CP] Check Pods Manifest.lock */ = {
			isa = PBXShellScriptBuildPhase;
			buildActionMask = 2147483647;
			files = (
			);
			inputPaths = (
			);
			name = "[CP] Check Pods Manifest.lock";
			outputPaths = (
			);
			runOnlyForDeploymentPostprocessing = 0;
			shellPath = /bin/sh;
			shellScript = "diff \"${PODS_ROOT}/../Podfile.lock\" \"${PODS_ROOT}/Manifest.lock\" > /dev/null\nif [ $? != 0 ] ; then\n    # print error to STDERR\n    echo \"error: The sandbox is not in sync with the Podfile.lock. Run 'pod install' or update your CocoaPods installation.\" >&2\n    exit 1\nfi\n";
			showEnvVarsInLog = 0;
		};
/* End PBXShellScriptBuildPhase section */

/* Begin PBXSourcesBuildPhase section */
		64E402BE1DDE4CD900950D00 /* Sources */ = {
			isa = PBXSourcesBuildPhase;
			buildActionMask = 2147483647;
			files = (
				64EAA2CE1DDF346F0065B2A6 /* APIModel.swift in Sources */,
				64E402C81DDE4CD900950D00 /* ArtistsListViewController.swift in Sources */,
				64EAA2D11DDF50B50065B2A6 /* ArtistsResource.swift in Sources */,
				64EAA2D31DDF51350065B2A6 /* Artist.swift in Sources */,
				64EAA2CC1DDF32850065B2A6 /* NetworkConnector.swift in Sources */,
				64EAA2C91DDF31FC0065B2A6 /* HearThisAPI.swift in Sources */,
				64EAA2C31DDE5F090065B2A6 /* ArtistsListDataSource.swift in Sources */,
				64E402C61DDE4CD900950D00 /* AppDelegate.swift in Sources */,
			);
			runOnlyForDeploymentPostprocessing = 0;
		};
		64E402D21DDE4CDA00950D00 /* Sources */ = {
			isa = PBXSourcesBuildPhase;
			buildActionMask = 2147483647;
			files = (
				64E402DB1DDE4CDA00950D00 /* HearThisTests.swift in Sources */,
			);
			runOnlyForDeploymentPostprocessing = 0;
		};
/* End PBXSourcesBuildPhase section */

/* Begin PBXTargetDependency section */
		64E402D81DDE4CDA00950D00 /* PBXTargetDependency */ = {
			isa = PBXTargetDependency;
			target = 64E402C11DDE4CD900950D00 /* HearThis */;
			targetProxy = 64E402D71DDE4CDA00950D00 /* PBXContainerItemProxy */;
		};
/* End PBXTargetDependency section */

/* Begin PBXVariantGroup section */
		64E402C91DDE4CD900950D00 /* Main.storyboard */ = {
			isa = PBXVariantGroup;
			children = (
				64E402CA1DDE4CD900950D00 /* Base */,
			);
			name = Main.storyboard;
			sourceTree = "<group>";
		};
		64E402CE1DDE4CD900950D00 /* LaunchScreen.storyboard */ = {
			isa = PBXVariantGroup;
			children = (
				64E402CF1DDE4CD900950D00 /* Base */,
			);
			name = LaunchScreen.storyboard;
			sourceTree = "<group>";
		};
/* End PBXVariantGroup section */

/* Begin XCBuildConfiguration section */
		64E402DD1DDE4CDA00950D00 /* Debug */ = {
			isa = XCBuildConfiguration;
			buildSettings = {
				ALWAYS_SEARCH_USER_PATHS = NO;
				CLANG_ANALYZER_NONNULL = YES;
				CLANG_CXX_LANGUAGE_STANDARD = "gnu++0x";
				CLANG_CXX_LIBRARY = "libc++";
				CLANG_ENABLE_MODULES = YES;
				CLANG_ENABLE_OBJC_ARC = YES;
				CLANG_WARN_BOOL_CONVERSION = YES;
				CLANG_WARN_CONSTANT_CONVERSION = YES;
				CLANG_WARN_DIRECT_OBJC_ISA_USAGE = YES_ERROR;
				CLANG_WARN_DOCUMENTATION_COMMENTS = YES;
				CLANG_WARN_EMPTY_BODY = YES;
				CLANG_WARN_ENUM_CONVERSION = YES;
				CLANG_WARN_INFINITE_RECURSION = YES;
				CLANG_WARN_INT_CONVERSION = YES;
				CLANG_WARN_OBJC_ROOT_CLASS = YES_ERROR;
				CLANG_WARN_SUSPICIOUS_MOVE = YES;
				CLANG_WARN_SUSPICIOUS_MOVES = YES;
				CLANG_WARN_UNREACHABLE_CODE = YES;
				CLANG_WARN__DUPLICATE_METHOD_MATCH = YES;
				"CODE_SIGN_IDENTITY[sdk=iphoneos*]" = "iPhone Developer";
				COPY_PHASE_STRIP = NO;
				DEBUG_INFORMATION_FORMAT = dwarf;
				ENABLE_STRICT_OBJC_MSGSEND = YES;
				ENABLE_TESTABILITY = YES;
				GCC_C_LANGUAGE_STANDARD = gnu99;
				GCC_DYNAMIC_NO_PIC = NO;
				GCC_NO_COMMON_BLOCKS = YES;
				GCC_OPTIMIZATION_LEVEL = 0;
				GCC_PREPROCESSOR_DEFINITIONS = (
					"DEBUG=1",
					"$(inherited)",
				);
				GCC_WARN_64_TO_32_BIT_CONVERSION = YES;
				GCC_WARN_ABOUT_RETURN_TYPE = YES_ERROR;
				GCC_WARN_UNDECLARED_SELECTOR = YES;
				GCC_WARN_UNINITIALIZED_AUTOS = YES_AGGRESSIVE;
				GCC_WARN_UNUSED_FUNCTION = YES;
				GCC_WARN_UNUSED_VARIABLE = YES;
				IPHONEOS_DEPLOYMENT_TARGET = 10.1;
				MTL_ENABLE_DEBUG_INFO = YES;
				ONLY_ACTIVE_ARCH = YES;
				SDKROOT = iphoneos;
				SWIFT_ACTIVE_COMPILATION_CONDITIONS = DEBUG;
				SWIFT_OPTIMIZATION_LEVEL = "-Onone";
				TARGETED_DEVICE_FAMILY = "1,2";
			};
			name = Debug;
		};
		64E402DE1DDE4CDA00950D00 /* Release */ = {
			isa = XCBuildConfiguration;
			buildSettings = {
				ALWAYS_SEARCH_USER_PATHS = NO;
				CLANG_ANALYZER_NONNULL = YES;
				CLANG_CXX_LANGUAGE_STANDARD = "gnu++0x";
				CLANG_CXX_LIBRARY = "libc++";
				CLANG_ENABLE_MODULES = YES;
				CLANG_ENABLE_OBJC_ARC = YES;
				CLANG_WARN_BOOL_CONVERSION = YES;
				CLANG_WARN_CONSTANT_CONVERSION = YES;
				CLANG_WARN_DIRECT_OBJC_ISA_USAGE = YES_ERROR;
				CLANG_WARN_DOCUMENTATION_COMMENTS = YES;
				CLANG_WARN_EMPTY_BODY = YES;
				CLANG_WARN_ENUM_CONVERSION = YES;
				CLANG_WARN_INFINITE_RECURSION = YES;
				CLANG_WARN_INT_CONVERSION = YES;
				CLANG_WARN_OBJC_ROOT_CLASS = YES_ERROR;
				CLANG_WARN_SUSPICIOUS_MOVE = YES;
				CLANG_WARN_SUSPICIOUS_MOVES = YES;
				CLANG_WARN_UNREACHABLE_CODE = YES;
				CLANG_WARN__DUPLICATE_METHOD_MATCH = YES;
				"CODE_SIGN_IDENTITY[sdk=iphoneos*]" = "iPhone Developer";
				COPY_PHASE_STRIP = NO;
				DEBUG_INFORMATION_FORMAT = "dwarf-with-dsym";
				ENABLE_NS_ASSERTIONS = NO;
				ENABLE_STRICT_OBJC_MSGSEND = YES;
				GCC_C_LANGUAGE_STANDARD = gnu99;
				GCC_NO_COMMON_BLOCKS = YES;
				GCC_WARN_64_TO_32_BIT_CONVERSION = YES;
				GCC_WARN_ABOUT_RETURN_TYPE = YES_ERROR;
				GCC_WARN_UNDECLARED_SELECTOR = YES;
				GCC_WARN_UNINITIALIZED_AUTOS = YES_AGGRESSIVE;
				GCC_WARN_UNUSED_FUNCTION = YES;
				GCC_WARN_UNUSED_VARIABLE = YES;
				IPHONEOS_DEPLOYMENT_TARGET = 10.1;
				MTL_ENABLE_DEBUG_INFO = NO;
				SDKROOT = iphoneos;
				SWIFT_OPTIMIZATION_LEVEL = "-Owholemodule";
				TARGETED_DEVICE_FAMILY = "1,2";
				VALIDATE_PRODUCT = YES;
			};
			name = Release;
		};
		64E402E01DDE4CDA00950D00 /* Debug */ = {
			isa = XCBuildConfiguration;
			baseConfigurationReference = 8C07670BD91015B630C62624 /* Pods-HearThis.debug.xcconfig */;
			buildSettings = {
				ALWAYS_EMBED_SWIFT_STANDARD_LIBRARIES = YES;
				ASSETCATALOG_COMPILER_APPICON_NAME = AppIcon;
				INFOPLIST_FILE = HearThis/Info.plist;
				LD_RUNPATH_SEARCH_PATHS = "$(inherited) @executable_path/Frameworks";
				PRODUCT_BUNDLE_IDENTIFIER = com.vs.HearThis;
				PRODUCT_NAME = "$(TARGET_NAME)";
				SWIFT_VERSION = 3.0;
			};
			name = Debug;
		};
		64E402E11DDE4CDA00950D00 /* Release */ = {
			isa = XCBuildConfiguration;
			baseConfigurationReference = B71DDCDABC430A27D3650D61 /* Pods-HearThis.release.xcconfig */;
			buildSettings = {
				ALWAYS_EMBED_SWIFT_STANDARD_LIBRARIES = YES;
				ASSETCATALOG_COMPILER_APPICON_NAME = AppIcon;
				INFOPLIST_FILE = HearThis/Info.plist;
				LD_RUNPATH_SEARCH_PATHS = "$(inherited) @executable_path/Frameworks";
				PRODUCT_BUNDLE_IDENTIFIER = com.vs.HearThis;
				PRODUCT_NAME = "$(TARGET_NAME)";
				SWIFT_VERSION = 3.0;
			};
			name = Release;
		};
		64E402E31DDE4CDA00950D00 /* Debug */ = {
			isa = XCBuildConfiguration;
			buildSettings = {
				ALWAYS_EMBED_SWIFT_STANDARD_LIBRARIES = YES;
				BUNDLE_LOADER = "$(TEST_HOST)";
				INFOPLIST_FILE = HearThisTests/Info.plist;
				LD_RUNPATH_SEARCH_PATHS = "$(inherited) @executable_path/Frameworks @loader_path/Frameworks";
				PRODUCT_BUNDLE_IDENTIFIER = com.vs.HearThisTests;
				PRODUCT_NAME = "$(TARGET_NAME)";
				SWIFT_VERSION = 3.0;
				TEST_HOST = "$(BUILT_PRODUCTS_DIR)/HearThis.app/HearThis";
			};
			name = Debug;
		};
		64E402E41DDE4CDA00950D00 /* Release */ = {
			isa = XCBuildConfiguration;
			buildSettings = {
				ALWAYS_EMBED_SWIFT_STANDARD_LIBRARIES = YES;
				BUNDLE_LOADER = "$(TEST_HOST)";
				INFOPLIST_FILE = HearThisTests/Info.plist;
				LD_RUNPATH_SEARCH_PATHS = "$(inherited) @executable_path/Frameworks @loader_path/Frameworks";
				PRODUCT_BUNDLE_IDENTIFIER = com.vs.HearThisTests;
				PRODUCT_NAME = "$(TARGET_NAME)";
				SWIFT_VERSION = 3.0;
				TEST_HOST = "$(BUILT_PRODUCTS_DIR)/HearThis.app/HearThis";
			};
			name = Release;
		};
/* End XCBuildConfiguration section */

/* Begin XCConfigurationList section */
		64E402BD1DDE4CD900950D00 /* Build configuration list for PBXProject "HearThis" */ = {
			isa = XCConfigurationList;
			buildConfigurations = (
				64E402DD1DDE4CDA00950D00 /* Debug */,
				64E402DE1DDE4CDA00950D00 /* Release */,
			);
			defaultConfigurationIsVisible = 0;
			defaultConfigurationName = Release;
		};
		64E402DF1DDE4CDA00950D00 /* Build configuration list for PBXNativeTarget "HearThis" */ = {
			isa = XCConfigurationList;
			buildConfigurations = (
				64E402E01DDE4CDA00950D00 /* Debug */,
				64E402E11DDE4CDA00950D00 /* Release */,
			);
			defaultConfigurationIsVisible = 0;
			defaultConfigurationName = Release;
		};
		64E402E21DDE4CDA00950D00 /* Build configuration list for PBXNativeTarget "HearThisTests" */ = {
			isa = XCConfigurationList;
			buildConfigurations = (
				64E402E31DDE4CDA00950D00 /* Debug */,
				64E402E41DDE4CDA00950D00 /* Release */,
			);
			defaultConfigurationIsVisible = 0;
			defaultConfigurationName = Release;
		};
/* End XCConfigurationList section */
	};
	rootObject = 64E402BA1DDE4CD900950D00 /* Project object */;
}
